
Microsoft Visual Studio Solution File, Format Version 12.00
# Visual Studio Version 17
VisualStudioVersion = 17.0.31903.59
MinimumVisualStudioVersion = 10.0.40219.1
Project("{9A19103F-16F7-4668-BE54-9A1E7A4F7556}") = "ToDoListApp", "ToDoListApp\ToDoListApp.csproj", "{FC56600B-6A8D-4FCF-9296-9B296871C4D7}"
EndProject
Global
	GlobalSection(SolutionConfigurationPlatforms) = preSolution
		Debug|Any CPU = Debug|Any CPU
		Release|Any CPU = Release|Any CPU
	EndGlobalSection
	GlobalSection(ProjectConfigurationPlatforms) = postSolution
		{FC56600B-6A8D-4FCF-9296-9B296871C4D7}.Debug|Any CPU.ActiveCfg = Debug|Any CPU
		{FC56600B-6A8D-4FCF-9296-9B296871C4D7}.Debug|Any CPU.Build.0 = Debug|Any CPU
		{FC56600B-6A8D-4FCF-9296-9B296871C4D7}.Release|Any CPU.ActiveCfg = Release|Any CPU
		{FC56600B-6A8D-4FCF-9296-9B296871C4D7}.Release|Any CPU.Build.0 = Release|Any CPU
	EndGlobalSection
	GlobalSection(SolutionProperties) = preSolution
		HideSolutionNode = FALSE
	EndGlobalSection
	GlobalSection(ExtensibilityGlobals) = postSolution
		SolutionGuid = {E7435D60-842C-4DA8-ABD4-2116A9E59911}
	EndGlobalSection
EndGlobal
